PODS:
  - CTMediaKit (0.1.0):
    - CTMediator
  - CTMediator (46)
  - FuseGroupsKits (1.0.5):
    - CTMediaKit
    - FuseGroupsKits/BaseComponent (= 1.0.5)
    - YYModel
  - FuseGroupsKits/BaseComponent (1.0.5):
    - CTMediaKit
    - FuseGroupsKits/BaseComponent/FuGrowTextView (= 1.0.5)
    - FuseGroupsKits/BaseComponent/FuseCategory (= 1.0.5)
    - FuseGroupsKits/BaseComponent/FuseLogin (= 1.0.5)
    - FuseGroupsKits/BaseComponent/FuTextField (= 1.0.5)
    - FuseGroupsKits/BaseComponent/MBNullSafe (= 1.0.5)
    - YYModel
  - FuseGroupsKits/BaseComponent/FuGrowTextView (1.0.5):
    - CTMediaKit
    - YYModel
  - FuseGroupsKits/BaseComponent/FuseCategory (1.0.5):
    - CTMediaKit
    - YYModel
  - FuseGroupsKits/BaseComponent/FuseLogin (1.0.5):
    - CTMediaKit
    - YYModel
  - FuseGroupsKits/BaseComponent/FuTextField (1.0.5):
    - CTMediaKit
    - YYModel
  - FuseGroupsKits/BaseComponent/MBNullSafe (1.0.5):
    - CTMediaKit
    - YYModel
  - FuseUI (1.0.2):
    - FuseGroupsKits (= 1.0.5)
    - FuseUI/AlertContentView (= 1.0.2)
    - FuseUI/FPBottomSheetPicker (= 1.0.2)
    - FuseUI/FUDatePicker (= 1.0.2)
    - FuseUI/FUHotspotButton (= 1.0.2)
    - FuseUI/FUWebController (= 1.0.2)
  - FuseUI/AlertContentView (1.0.2):
    - FuseGroupsKits (= 1.0.5)
  - FuseUI/FPBottomSheetPicker (1.0.2):
    - FuseGroupsKits (= 1.0.5)
  - FuseUI/FUDatePicker (1.0.2):
    - FuseGroupsKits (= 1.0.5)
  - FuseUI/FUHotspotButton (1.0.2):
    - FuseGroupsKits (= 1.0.5)
  - FuseUI/FUWebController (1.0.2):
    - FuseGroupsKits (= 1.0.5)
  - YYModel (1.0.4)

DEPENDENCIES:
  - FuseUI (from `../`)

SPEC REPOS:
  trunk:
    - CTMediaKit
    - CTMediator
    - FuseGroupsKits
    - YYModel

EXTERNAL SOURCES:
  FuseUI:
    :path: "../"

SPEC CHECKSUMS:
  CTMediaKit: b6842ef3440687ded8b7d95d10e4b24569a13c1e
  CTMediator: f1cf58d509fb3192086c367711f039efd769b907
  FuseGroupsKits: 43e0f17e82f550a16da59197d747bdf6e4d34036
  FuseUI: de6515125f7955be126173c9a88310cc9341fde2
  YYModel: 2a7fdd96aaa4b86a824e26d0c517de8928c04b30

PODFILE CHECKSUM: d07939330e01561346055b6b53f3af0a791b8867

COCOAPODS: 1.11.2
